
Microsoft Visual Studio Solution File, Format Version 12.00
# Visual Studio Version 17
VisualStudioVersion = 17.14.36127.28
MinimumVisualStudioVersion = 10.0.40219.1
Project("{FAE04EC0-301F-11D3-BF4B-00C04F79EFBC}") = "SharpDBCore", "SharpDBCore\SharpDBCore.csproj", "{480807B5-8B59-42E9-BA7F-BFFF38E2B27E}"
EndProject
Project("{FAE04EC0-301F-11D3-BF4B-00C04F79EFBC}") = "SharpDBCore.Tests", "SharpDBCore.Tests\SharpDBCore.Tests.csproj", "{67344735-6BDC-4243-B208-2C2668E368FB}"
EndProject
Global
	GlobalSection(SolutionConfigurationPlatforms) = preSolution
		Debug|Any CPU = Debug|Any CPU
		Release|Any CPU = Release|Any CPU
	EndGlobalSection
	GlobalSection(ProjectConfigurationPlatforms) = postSolution
		{480807B5-8B59-42E9-BA7F-BFFF38E2B27E}.Debug|Any CPU.ActiveCfg = Debug|Any CPU
		{480807B5-8B59-42E9-BA7F-BFFF38E2B27E}.Debug|Any CPU.Build.0 = Debug|Any CPU
		{480807B5-8B59-42E9-BA7F-BFFF38E2B27E}.Release|Any CPU.ActiveCfg = Release|Any CPU
		{480807B5-8B59-42E9-BA7F-BFFF38E2B27E}.Release|Any CPU.Build.0 = Release|Any CPU
		{67344735-6BDC-4243-B208-2C2668E368FB}.Debug|Any CPU.ActiveCfg = Debug|Any CPU
		{67344735-6BDC-4243-B208-2C2668E368FB}.Debug|Any CPU.Build.0 = Debug|Any CPU
		{67344735-6BDC-4243-B208-2C2668E368FB}.Release|Any CPU.ActiveCfg = Release|Any CPU
		{67344735-6BDC-4243-B208-2C2668E368FB}.Release|Any CPU.Build.0 = Release|Any CPU
	EndGlobalSection
	GlobalSection(SolutionProperties) = preSolution
		HideSolutionNode = FALSE
	EndGlobalSection
	GlobalSection(ExtensibilityGlobals) = postSolution
		SolutionGuid = {C28F2C79-388D-41F7-933E-9F26E9BBF978}
	EndGlobalSection
EndGlobal
